
Microsoft Visual Studio Solution File, Format Version 12.00
# Visual Studio Version 17
VisualStudioVersion = 17.3.32901.215
MinimumVisualStudioVersion = 10.0.40219.1
Project("{FAE04EC0-301F-11D3-BF4B-00C04F79EFBC}") = "kar hesaplama", "kar hesaplama\kar hesaplama.csproj", "{3769C11A-DF59-41DA-9801-F991113D4772}"
EndProject
Global
	GlobalSection(SolutionConfigurationPlatforms) = preSolution
		Debug|Any CPU = Debug|Any CPU
		Release|Any CPU = Release|Any CPU
	EndGlobalSection
	GlobalSection(ProjectConfigurationPlatforms) = postSolution
		{3769C11A-DF59-41DA-9801-F991113D4772}.Debug|Any CPU.ActiveCfg = Debug|Any CPU
		{3769C11A-DF59-41DA-9801-F991113D4772}.Debug|Any CPU.Build.0 = Debug|Any CPU
		{3769C11A-DF59-41DA-9801-F991113D4772}.Release|Any CPU.ActiveCfg = Release|Any CPU
		{3769C11A-DF59-41DA-9801-F991113D4772}.Release|Any CPU.Build.0 = Release|Any CPU
	EndGlobalSection
	GlobalSection(SolutionProperties) = preSolution
		HideSolutionNode = FALSE
	EndGlobalSection
	GlobalSection(ExtensibilityGlobals) = postSolution
		SolutionGuid = {5B58872D-CC3C-42E0-8723-B292847CC8CE}
	EndGlobalSection
EndGlobal
